
Microsoft Visual Studio Solution File, Format Version 12.00
# Visual Studio 15
VisualStudioVersion = 15.0.27130.2027
MinimumVisualStudioVersion = 10.0.40219.1
Project("{FAE04EC0-301F-11D3-BF4B-00C04F79EFBC}") = "GPSyMapas.Android", "GPSyMapas\GPSyMapas.Android\GPSyMapas.Android.csproj", "{8564C36C-5A72-4054-9869-5C0C29036072}"
EndProject
Project("{FAE04EC0-301F-11D3-BF4B-00C04F79EFBC}") = "GPSyMapas.iOS", "GPSyMapas\GPSyMapas.iOS\GPSyMapas.iOS.csproj", "{44427A7E-C1BB-4044-AFFD-2AFBD53D621C}"
EndProject
Project("{FAE04EC0-301F-11D3-BF4B-00C04F79EFBC}") = "GPSyMapas.UWP", "GPSyMapas\GPSyMapas.UWP\GPSyMapas.UWP.csproj", "{1E7B4E3E-7810-4097-86B3-4426D06A975F}"
EndProject
Project("{FAE04EC0-301F-11D3-BF4B-00C04F79EFBC}") = "GPSyMapas", "GPSyMapas\GPSyMapas\GPSyMapas.csproj", "{CF896863-755F-43E1-B497-F8497B6BC47C}"
EndProject
Global
	GlobalSection(SolutionConfigurationPlatforms) = preSolution
		Ad-Hoc|Any CPU = Ad-Hoc|Any CPU
		Ad-Hoc|ARM = Ad-Hoc|ARM
		Ad-Hoc|iPhone = Ad-Hoc|iPhone
		Ad-Hoc|iPhoneSimulator = Ad-Hoc|iPhoneSimulator
		Ad-Hoc|x64 = Ad-Hoc|x64
		Ad-Hoc|x86 = Ad-Hoc|x86
		AppStore|Any CPU = AppStore|Any CPU
		AppStore|ARM = AppStore|ARM
		AppStore|iPhone = AppStore|iPhone
		AppStore|iPhoneSimulator = AppStore|iPhoneSimulator
		AppStore|x64 = AppStore|x64
		AppStore|x86 = AppStore|x86
		Debug|Any CPU = Debug|Any CPU
		Debug|ARM = Debug|ARM
		Debug|iPhone = Debug|iPhone
		Debug|iPhoneSimulator = Debug|iPhoneSimulator
		Debug|x64 = Debug|x64
		Debug|x86 = Debug|x86
		Release|Any CPU = Release|Any CPU
		Release|ARM = Release|ARM
		Release|iPhone = Release|iPhone
		Release|iPhoneSimulator = Release|iPhoneSimulator
		Release|x64 = Release|x64
		Release|x86 = Release|x86
	EndGlobalSection
	GlobalSection(ProjectConfigurationPlatforms) = postSolution
		{8564C36C-5A72-4054-9869-5C0C29036072}.Ad-Hoc|Any CPU.ActiveCfg = Release|Any CPU
		{8564C36C-5A72-4054-9869-5C0C29036072}.Ad-Hoc|Any CPU.Build.0 = Release|Any CPU
		{8564C36C-5A72-4054-9869-5C0C29036072}.Ad-Hoc|Any CPU.Deploy.0 = Release|Any CPU
		{8564C36C-5A72-4054-9869-5C0C29036072}.Ad-Hoc|ARM.ActiveCfg = Release|Any CPU
		{8564C36C-5A72-4054-9869-5C0C29036072}.Ad-Hoc|ARM.Build.0 = Release|Any CPU
		{8564C36C-5A72-4054-9869-5C0C29036072}.Ad-Hoc|ARM.Deploy.0 = Release|Any CPU
		{8564C36C-5A72-4054-9869-5C0C29036072}.Ad-Hoc|iPhone.ActiveCfg = Release|Any CPU
		{8564C36C-5A72-4054-9869-5C0C29036072}.Ad-Hoc|iPhone.Build.0 = Release|Any CPU
		{8564C36C-5A72-4054-9869-5C0C29036072}.Ad-Hoc|iPhone.Deploy.0 = Release|Any CPU
		{8564C36C-5A72-4054-9869-5C0C29036072}.Ad-Hoc|iPhoneSimulator.ActiveCfg = Release|Any CPU
		{8564C36C-5A72-4054-9869-5C0C29036072}.Ad-Hoc|iPhoneSimulator.Build.0 = Release|Any CPU
		{8564C36C-5A72-4054-9869-5C0C29036072}.Ad-Hoc|iPhoneSimulator.Deploy.0 = Release|Any CPU
		{8564C36C-5A72-4054-9869-5C0C29036072}.Ad-Hoc|x64.ActiveCfg = Release|Any CPU
		{8564C36C-5A72-4054-9869-5C0C29036072}.Ad-Hoc|x64.Build.0 = Release|Any CPU
		{8564C36C-5A72-4054-9869-5C0C29036072}.Ad-Hoc|x64.Deploy.0 = Release|Any CPU
		{8564C36C-5A72-4054-9869-5C0C29036072}.Ad-Hoc|x86.ActiveCfg = Release|Any CPU
		{8564C36C-5A72-4054-9869-5C0C29036072}.Ad-Hoc|x86.Build.0 = Release|Any CPU
		{8564C36C-5A72-4054-9869-5C0C29036072}.Ad-Hoc|x86.Deploy.0 = Release|Any CPU
		{8564C36C-5A72-4054-9869-5C0C29036072}.AppStore|Any CPU.ActiveCfg = Release|Any CPU
		{8564C36C-5A72-4054-9869-5C0C29036072}.AppStore|Any CPU.Build.0 = Release|Any CPU
		{8564C36C-5A72-4054-9869-5C0C29036072}.AppStore|Any CPU.Deploy.0 = Release|Any CPU
		{8564C36C-5A72-4054-9869-5C0C29036072}.AppStore|ARM.ActiveCfg = Release|Any CPU
		{8564C36C-5A72-4054-9869-5C0C29036072}.AppStore|ARM.Build.0 = Release|Any CPU
		{8564C36C-5A72-4054-9869-5C0C29036072}.AppStore|ARM.Deploy.0 = Release|Any CPU
		{8564C36C-5A72-4054-9869-5C0C29036072}.AppStore|iPhone.ActiveCfg = Release|Any CPU
		{8564C36C-5A72-4054-9869-5C0C29036072}.AppStore|iPhone.Build.0 = Release|Any CPU
		{8564C36C-5A72-4054-9869-5C0C29036072}.AppStore|iPhone.Deploy.0 = Release|Any CPU
		{8564C36C-5A72-4054-9869-5C0C29036072}.AppStore|iPhoneSimulator.ActiveCfg = Release|Any CPU
		{8564C36C-5A72-4054-9869-5C0C29036072}.AppStore|iPhoneSimulator.Build.0 = Release|Any CPU
		{8564C36C-5A72-4054-9869-5C0C29036072}.AppStore|iPhoneSimulator.Deploy.0 = Release|Any CPU
		{8564C36C-5A72-4054-9869-5C0C29036072}.AppStore|x64.ActiveCfg = Release|Any CPU
		{8564C36C-5A72-4054-9869-5C0C29036072}.AppStore|x64.Build.0 = Release|Any CPU
		{8564C36C-5A72-4054-9869-5C0C29036072}.AppStore|x64.Deploy.0 = Release|Any CPU
		{8564C36C-5A72-4054-9869-5C0C29036072}.AppStore|x86.ActiveCfg = Release|Any CPU
		{8564C36C-5A72-4054-9869-5C0C29036072}.AppStore|x86.Build.0 = Release|Any CPU
		{8564C36C-5A72-4054-9869-5C0C29036072}.AppStore|x86.Deploy.0 = Release|Any CPU
		{8564C36C-5A72-4054-9869-5C0C29036072}.Debug|Any CPU.ActiveCfg = Debug|Any CPU
		{8564C36C-5A72-4054-9869-5C0C29036072}.Debug|Any CPU.Build.0 = Debug|Any CPU
		{8564C36C-5A72-4054-9869-5C0C29036072}.Debug|Any CPU.Deploy.0 = Debug|Any CPU
		{8564C36C-5A72-4054-9869-5C0C29036072}.Debug|ARM.ActiveCfg = Debug|Any CPU
		{8564C36C-5A72-4054-9869-5C0C29036072}.Debug|ARM.Build.0 = Debug|Any CPU
		{8564C36C-5A72-4054-9869-5C0C29036072}.Debug|ARM.Deploy.0 = Debug|Any CPU
		{8564C36C-5A72-4054-9869-5C0C29036072}.Debug|iPhone.ActiveCfg = Debug|Any CPU
		{8564C36C-5A72-4054-9869-5C0C29036072}.Debug|iPhone.Build.0 = Debug|Any CPU
		{8564C36C-5A72-4054-9869-5C0C29036072}.Debug|iPhone.Deploy.0 = Debug|Any CPU
		{8564C36C-5A72-4054-9869-5C0C29036072}.Debug|iPhoneSimulator.ActiveCfg = Debug|Any CPU
		{8564C36C-5A72-4054-9869-5C0C29036072}.Debug|iPhoneSimulator.Build.0 = Debug|Any CPU
		{8564C36C-5A72-4054-9869-5C0C29036072}.Debug|iPhoneSimulator.Deploy.0 = Debug|Any CPU
		{8564C36C-5A72-4054-9869-5C0C29036072}.Debug|x64.ActiveCfg = Debug|Any CPU
		{8564C36C-5A72-4054-9869-5C0C29036072}.Debug|x64.Build.0 = Debug|Any CPU
		{8564C36C-5A72-4054-9869-5C0C29036072}.Debug|x64.Deploy.0 = Debug|Any CPU
		{8564C36C-5A72-4054-9869-5C0C29036072}.Debug|x86.ActiveCfg = Debug|Any CPU
		{8564C36C-5A72-4054-9869-5C0C29036072}.Debug|x86.Build.0 = Debug|Any CPU
		{8564C36C-5A72-4054-9869-5C0C29036072}.Debug|x86.Deploy.0 = Debug|Any CPU
		{8564C36C-5A72-4054-9869-5C0C29036072}.Release|Any CPU.ActiveCfg = Release|Any CPU
		{8564C36C-5A72-4054-9869-5C0C29036072}.Release|Any CPU.Build.0 = Release|Any CPU
		{8564C36C-5A72-4054-9869-5C0C29036072}.Release|Any CPU.Deploy.0 = Release|Any CPU
		{8564C36C-5A72-4054-9869-5C0C29036072}.Release|ARM.ActiveCfg = Release|Any CPU
		{8564C36C-5A72-4054-9869-5C0C29036072}.Release|ARM.Build.0 = Release|Any CPU
		{8564C36C-5A72-4054-9869-5C0C29036072}.Release|ARM.Deploy.0 = Release|Any CPU
		{8564C36C-5A72-4054-9869-5C0C29036072}.Release|iPhone.ActiveCfg = Release|Any CPU
		{8564C36C-5A72-4054-9869-5C0C29036072}.Release|iPhone.Build.0 = Release|Any CPU
		{8564C36C-5A72-4054-9869-5C0C29036072}.Release|iPhone.Deploy.0 = Release|Any CPU
		{8564C36C-5A72-4054-9869-5C0C29036072}.Release|iPhoneSimulator.ActiveCfg = Release|Any CPU
		{8564C36C-5A72-4054-9869-5C0C29036072}.Release|iPhoneSimulator.Build.0 = Release|Any CPU
		{8564C36C-5A72-4054-9869-5C0C29036072}.Release|iPhoneSimulator.Deploy.0 = Release|Any CPU
		{8564C36C-5A72-4054-9869-5C0C29036072}.Release|x64.ActiveCfg = Release|Any CPU
		{8564C36C-5A72-4054-9869-5C0C29036072}.Release|x64.Build.0 = Release|Any CPU
		{8564C36C-5A72-4054-9869-5C0C29036072}.Release|x64.Deploy.0 = Release|Any CPU
		{8564C36C-5A72-4054-9869-5C0C29036072}.Release|x86.ActiveCfg = Release|Any CPU
		{8564C36C-5A72-4054-9869-5C0C29036072}.Release|x86.Build.0 = Release|Any CPU
		{8564C36C-5A72-4054-9869-5C0C29036072}.Release|x86.Deploy.0 = Release|Any CPU
		{44427A7E-C1BB-4044-AFFD-2AFBD53D621C}.Ad-Hoc|Any CPU.ActiveCfg = Ad-Hoc|iPhone
		{44427A7E-C1BB-4044-AFFD-2AFBD53D621C}.Ad-Hoc|ARM.ActiveCfg = Ad-Hoc|iPhone
		{44427A7E-C1BB-4044-AFFD-2AFBD53D621C}.Ad-Hoc|iPhone.ActiveCfg = Ad-Hoc|iPhone
		{44427A7E-C1BB-4044-AFFD-2AFBD53D621C}.Ad-Hoc|iPhone.Build.0 = Ad-Hoc|iPhone
		{44427A7E-C1BB-4044-AFFD-2AFBD53D621C}.Ad-Hoc|iPhoneSimulator.ActiveCfg = Ad-Hoc|iPhoneSimulator
		{44427A7E-C1BB-4044-AFFD-2AFBD53D621C}.Ad-Hoc|iPhoneSimulator.Build.0 = Ad-Hoc|iPhoneSimulator
		{44427A7E-C1BB-4044-AFFD-2AFBD53D621C}.Ad-Hoc|x64.ActiveCfg = Ad-Hoc|iPhone
		{44427A7E-C1BB-4044-AFFD-2AFBD53D621C}.Ad-Hoc|x86.ActiveCfg = Ad-Hoc|iPhone
		{44427A7E-C1BB-4044-AFFD-2AFBD53D621C}.AppStore|Any CPU.ActiveCfg = AppStore|iPhone
		{44427A7E-C1BB-4044-AFFD-2AFBD53D621C}.AppStore|ARM.ActiveCfg = AppStore|iPhone
		{44427A7E-C1BB-4044-AFFD-2AFBD53D621C}.AppStore|iPhone.ActiveCfg = AppStore|iPhone
		{44427A7E-C1BB-4044-AFFD-2AFBD53D621C}.AppStore|iPhone.Build.0 = AppStore|iPhone
		{44427A7E-C1BB-4044-AFFD-2AFBD53D621C}.AppStore|iPhoneSimulator.ActiveCfg = AppStore|iPhoneSimulator
		{44427A7E-C1BB-4044-AFFD-2AFBD53D621C}.AppStore|iPhoneSimulator.Build.0 = AppStore|iPhoneSimulator
		{44427A7E-C1BB-4044-AFFD-2AFBD53D621C}.AppStore|x64.ActiveCfg = AppStore|iPhone
		{44427A7E-C1BB-4044-AFFD-2AFBD53D621C}.AppStore|x86.ActiveCfg = AppStore|iPhone
		{44427A7E-C1BB-4044-AFFD-2AFBD53D621C}.Debug|Any CPU.ActiveCfg = Debug|iPhone
		{44427A7E-C1BB-4044-AFFD-2AFBD53D621C}.Debug|ARM.ActiveCfg = Debug|iPhone
		{44427A7E-C1BB-4044-AFFD-2AFBD53D621C}.Debug|iPhone.ActiveCfg = Debug|iPhone
		{44427A7E-C1BB-4044-AFFD-2AFBD53D621C}.Debug|iPhone.Build.0 = Debug|iPhone
		{44427A7E-C1BB-4044-AFFD-2AFBD53D621C}.Debug|iPhoneSimulator.ActiveCfg = Debug|iPhoneSimulator
		{44427A7E-C1BB-4044-AFFD-2AFBD53D621C}.Debug|iPhoneSimulator.Build.0 = Debug|iPhoneSimulator
		{44427A7E-C1BB-4044-AFFD-2AFBD53D621C}.Debug|x64.ActiveCfg = Debug|iPhone
		{44427A7E-C1BB-4044-AFFD-2AFBD53D621C}.Debug|x86.ActiveCfg = Debug|iPhone
		{44427A7E-C1BB-4044-AFFD-2AFBD53D621C}.Release|Any CPU.ActiveCfg = Release|iPhone
		{44427A7E-C1BB-4044-AFFD-2AFBD53D621C}.Release|ARM.ActiveCfg = Release|iPhone
		{44427A7E-C1BB-4044-AFFD-2AFBD53D621C}.Release|iPhone.ActiveCfg = Release|iPhone
		{44427A7E-C1BB-4044-AFFD-2AFBD53D621C}.Release|iPhone.Build.0 = Release|iPhone
		{44427A7E-C1BB-4044-AFFD-2AFBD53D621C}.Release|iPhoneSimulator.ActiveCfg = Release|iPhoneSimulator
		{44427A7E-C1BB-4044-AFFD-2AFBD53D621C}.Release|iPhoneSimulator.Build.0 = Release|iPhoneSimulator
		{44427A7E-C1BB-4044-AFFD-2AFBD53D621C}.Release|x64.ActiveCfg = Release|iPhone
		{44427A7E-C1BB-4044-AFFD-2AFBD53D621C}.Release|x86.ActiveCfg = Release|iPhone
		{1E7B4E3E-7810-4097-86B3-4426D06A975F}.Ad-Hoc|Any CPU.ActiveCfg = Release|x86
		{1E7B4E3E-7810-4097-86B3-4426D06A975F}.Ad-Hoc|Any CPU.Build.0 = Release|x86
		{1E7B4E3E-7810-4097-86B3-4426D06A975F}.Ad-Hoc|Any CPU.Deploy.0 = Release|x86
		{1E7B4E3E-7810-4097-86B3-4426D06A975F}.Ad-Hoc|ARM.ActiveCfg = Release|ARM
		{1E7B4E3E-7810-4097-86B3-4426D06A975F}.Ad-Hoc|ARM.Build.0 = Release|ARM
		{1E7B4E3E-7810-4097-86B3-4426D06A975F}.Ad-Hoc|ARM.Deploy.0 = Release|ARM
		{1E7B4E3E-7810-4097-86B3-4426D06A975F}.Ad-Hoc|iPhone.ActiveCfg = Release|x86
		{1E7B4E3E-7810-4097-86B3-4426D06A975F}.Ad-Hoc|iPhone.Build.0 = Release|x86
		{1E7B4E3E-7810-4097-86B3-4426D06A975F}.Ad-Hoc|iPhone.Deploy.0 = Release|x86
		{1E7B4E3E-7810-4097-86B3-4426D06A975F}.Ad-Hoc|iPhoneSimulator.ActiveCfg = Release|x86
		{1E7B4E3E-7810-4097-86B3-4426D06A975F}.Ad-Hoc|iPhoneSimulator.Build.0 = Release|x86
		{1E7B4E3E-7810-4097-86B3-4426D06A975F}.Ad-Hoc|iPhoneSimulator.Deploy.0 = Release|x86
		{1E7B4E3E-7810-4097-86B3-4426D06A975F}.Ad-Hoc|x64.ActiveCfg = Release|x64
		{1E7B4E3E-7810-4097-86B3-4426D06A975F}.Ad-Hoc|x64.Build.0 = Release|x64
		{1E7B4E3E-7810-4097-86B3-4426D06A975F}.Ad-Hoc|x64.Deploy.0 = Release|x64
		{1E7B4E3E-7810-4097-86B3-4426D06A975F}.Ad-Hoc|x86.ActiveCfg = Release|x86
		{1E7B4E3E-7810-4097-86B3-4426D06A975F}.Ad-Hoc|x86.Build.0 = Release|x86
		{1E7B4E3E-7810-4097-86B3-4426D06A975F}.Ad-Hoc|x86.Deploy.0 = Release|x86
		{1E7B4E3E-7810-4097-86B3-4426D06A975F}.AppStore|Any CPU.ActiveCfg = Release|x86
		{1E7B4E3E-7810-4097-86B3-4426D06A975F}.AppStore|Any CPU.Build.0 = Release|x86
		{1E7B4E3E-7810-4097-86B3-4426D06A975F}.AppStore|Any CPU.Deploy.0 = Release|x86
		{1E7B4E3E-7810-4097-86B3-4426D06A975F}.AppStore|ARM.ActiveCfg = Release|ARM
		{1E7B4E3E-7810-4097-86B3-4426D06A975F}.AppStore|ARM.Build.0 = Release|ARM
		{1E7B4E3E-7810-4097-86B3-4426D06A975F}.AppStore|ARM.Deploy.0 = Release|ARM
		{1E7B4E3E-7810-4097-86B3-4426D06A975F}.AppStore|iPhone.ActiveCfg = Release|x86
		{1E7B4E3E-7810-4097-86B3-4426D06A975F}.AppStore|iPhone.Build.0 = Release|x86
		{1E7B4E3E-7810-4097-86B3-4426D06A975F}.AppStore|iPhone.Deploy.0 = Release|x86
		{1E7B4E3E-7810-4097-86B3-4426D06A975F}.AppStore|iPhoneSimulator.ActiveCfg = Release|x86
		{1E7B4E3E-7810-4097-86B3-4426D06A975F}.AppStore|iPhoneSimulator.Build.0 = Release|x86
		{1E7B4E3E-7810-4097-86B3-4426D06A975F}.AppStore|iPhoneSimulator.Deploy.0 = Release|x86
		{1E7B4E3E-7810-4097-86B3-4426D06A975F}.AppStore|x64.ActiveCfg = Release|x64
		{1E7B4E3E-7810-4097-86B3-4426D06A975F}.AppStore|x64.Build.0 = Release|x64
		{1E7B4E3E-7810-4097-86B3-4426D06A975F}.AppStore|x64.Deploy.0 = Release|x64
		{1E7B4E3E-7810-4097-86B3-4426D06A975F}.AppStore|x86.ActiveCfg = Release|x86
		{1E7B4E3E-7810-4097-86B3-4426D06A975F}.AppStore|x86.Build.0 = Release|x86
		{1E7B4E3E-7810-4097-86B3-4426D06A975F}.AppStore|x86.Deploy.0 = Release|x86
		{1E7B4E3E-7810-4097-86B3-4426D06A975F}.Debug|Any CPU.ActiveCfg = Debug|x86
		{1E7B4E3E-7810-4097-86B3-4426D06A975F}.Debug|ARM.ActiveCfg = Debug|ARM
		{1E7B4E3E-7810-4097-86B3-4426D06A975F}.Debug|ARM.Build.0 = Debug|ARM
		{1E7B4E3E-7810-4097-86B3-4426D06A975F}.Debug|ARM.Deploy.0 = Debug|ARM
		{1E7B4E3E-7810-4097-86B3-4426D06A975F}.Debug|iPhone.ActiveCfg = Debug|x86
		{1E7B4E3E-7810-4097-86B3-4426D06A975F}.Debug|iPhoneSimulator.ActiveCfg = Debug|x86
		{1E7B4E3E-7810-4097-86B3-4426D06A975F}.Debug|x64.ActiveCfg = Debug|x64
		{1E7B4E3E-7810-4097-86B3-4426D06A975F}.Debug|x64.Build.0 = Debug|x64
		{1E7B4E3E-7810-4097-86B3-4426D06A975F}.Debug|x64.Deploy.0 = Debug|x64
		{1E7B4E3E-7810-4097-86B3-4426D06A975F}.Debug|x86.ActiveCfg = Debug|x86
		{1E7B4E3E-7810-4097-86B3-4426D06A975F}.Debug|x86.Build.0 = Debug|x86
		{1E7B4E3E-7810-4097-86B3-4426D06A975F}.Debug|x86.Deploy.0 = Debug|x86
		{1E7B4E3E-7810-4097-86B3-4426D06A975F}.Release|Any CPU.ActiveCfg = Release|x86
		{1E7B4E3E-7810-4097-86B3-4426D06A975F}.Release|ARM.ActiveCfg = Release|ARM
		{1E7B4E3E-7810-4097-86B3-4426D06A975F}.Release|ARM.Build.0 = Release|ARM
		{1E7B4E3E-7810-4097-86B3-4426D06A975F}.Release|ARM.Deploy.0 = Release|ARM
		{1E7B4E3E-7810-4097-86B3-4426D06A975F}.Release|iPhone.ActiveCfg = Release|x86
		{1E7B4E3E-7810-4097-86B3-4426D06A975F}.Release|iPhoneSimulator.ActiveCfg = Release|x86
		{1E7B4E3E-7810-4097-86B3-4426D06A975F}.Release|x64.ActiveCfg = Release|x64
		{1E7B4E3E-7810-4097-86B3-4426D06A975F}.Release|x64.Build.0 = Release|x64
		{1E7B4E3E-7810-4097-86B3-4426D06A975F}.Release|x64.Deploy.0 = Release|x64
		{1E7B4E3E-7810-4097-86B3-4426D06A975F}.Release|x86.ActiveCfg = Release|x86
		{1E7B4E3E-7810-4097-86B3-4426D06A975F}.Release|x86.Build.0 = Release|x86
		{1E7B4E3E-7810-4097-86B3-4426D06A975F}.Release|x86.Deploy.0 = Release|x86
		{CF896863-755F-43E1-B497-F8497B6BC47C}.Ad-Hoc|Any CPU.ActiveCfg = Debug|Any CPU
		{CF896863-755F-43E1-B497-F8497B6BC47C}.Ad-Hoc|Any CPU.Build.0 = Debug|Any CPU
		{CF896863-755F-43E1-B497-F8497B6BC47C}.Ad-Hoc|ARM.ActiveCfg = Debug|Any CPU
		{CF896863-755F-43E1-B497-F8497B6BC47C}.Ad-Hoc|ARM.Build.0 = Debug|Any CPU
		{CF896863-755F-43E1-B497-F8497B6BC47C}.Ad-Hoc|iPhone.ActiveCfg = Debug|Any CPU
		{CF896863-755F-43E1-B497-F8497B6BC47C}.Ad-Hoc|iPhone.Build.0 = Debug|Any CPU
		{CF896863-755F-43E1-B497-F8497B6BC47C}.Ad-Hoc|iPhoneSimulator.ActiveCfg = Debug|Any CPU
		{CF896863-755F-43E1-B497-F8497B6BC47C}.Ad-Hoc|iPhoneSimulator.Build.0 = Debug|Any CPU
		{CF896863-755F-43E1-B497-F8497B6BC47C}.Ad-Hoc|x64.ActiveCfg = Debug|Any CPU
		{CF896863-755F-43E1-B497-F8497B6BC47C}.Ad-Hoc|x64.Build.0 = Debug|Any CPU
		{CF896863-755F-43E1-B497-F8497B6BC47C}.Ad-Hoc|x86.ActiveCfg = Debug|Any CPU
		{CF896863-755F-43E1-B497-F8497B6BC47C}.Ad-Hoc|x86.Build.0 = Debug|Any CPU
		{CF896863-755F-43E1-B497-F8497B6BC47C}.AppStore|Any CPU.ActiveCfg = Debug|Any CPU
		{CF896863-755F-43E1-B497-F8497B6BC47C}.AppStore|Any CPU.Build.0 = Debug|Any CPU
		{CF896863-755F-43E1-B497-F8497B6BC47C}.AppStore|ARM.ActiveCfg = Debug|Any CPU
		{CF896863-755F-43E1-B497-F8497B6BC47C}.AppStore|ARM.Build.0 = Debug|Any CPU
		{CF896863-755F-43E1-B497-F8497B6BC47C}.AppStore|iPhone.ActiveCfg = Debug|Any CPU
		{CF896863-755F-43E1-B497-F8497B6BC47C}.AppStore|iPhone.Build.0 = Debug|Any CPU
		{CF896863-755F-43E1-B497-F8497B6BC47C}.AppStore|iPhoneSimulator.ActiveCfg = Debug|Any CPU
		{CF896863-755F-43E1-B497-F8497B6BC47C}.AppStore|iPhoneSimulator.Build.0 = Debug|Any CPU
		{CF896863-755F-43E1-B497-F8497B6BC47C}.AppStore|x64.ActiveCfg = Debug|Any CPU
		{CF896863-755F-43E1-B497-F8497B6BC47C}.AppStore|x64.Build.0 = Debug|Any CPU
		{CF896863-755F-43E1-B497-F8497B6BC47C}.AppStore|x86.ActiveCfg = Debug|Any CPU
		{CF896863-755F-43E1-B497-F8497B6BC47C}.AppStore|x86.Build.0 = Debug|Any CPU
		{CF896863-755F-43E1-B497-F8497B6BC47C}.Debug|Any CPU.ActiveCfg = Debug|Any CPU
		{CF896863-755F-43E1-B497-F8497B6BC47C}.Debug|Any CPU.Build.0 = Debug|Any CPU
		{CF896863-755F-43E1-B497-F8497B6BC47C}.Debug|ARM.ActiveCfg = Debug|Any CPU
		{CF896863-755F-43E1-B497-F8497B6BC47C}.Debug|ARM.Build.0 = Debug|Any CPU
		{CF896863-755F-43E1-B497-F8497B6BC47C}.Debug|iPhone.ActiveCfg = Debug|Any CPU
		{CF896863-755F-43E1-B497-F8497B6BC47C}.Debug|iPhone.Build.0 = Debug|Any CPU
		{CF896863-755F-43E1-B497-F8497B6BC47C}.Debug|iPhoneSimulator.ActiveCfg = Debug|Any CPU
		{CF896863-755F-43E1-B497-F8497B6BC47C}.Debug|iPhoneSimulator.Build.0 = Debug|Any CPU
		{CF896863-755F-43E1-B497-F8497B6BC47C}.Debug|x64.ActiveCfg = Debug|Any CPU
		{CF896863-755F-43E1-B497-F8497B6BC47C}.Debug|x64.Build.0 = Debug|Any CPU
		{CF896863-755F-43E1-B497-F8497B6BC47C}.Debug|x86.ActiveCfg = Debug|Any CPU
		{CF896863-755F-43E1-B497-F8497B6BC47C}.Debug|x86.Build.0 = Debug|Any CPU
		{CF896863-755F-43E1-B497-F8497B6BC47C}.Release|Any CPU.ActiveCfg = Release|Any CPU
		{CF896863-755F-43E1-B497-F8497B6BC47C}.Release|Any CPU.Build.0 = Release|Any CPU
		{CF896863-755F-43E1-B497-F8497B6BC47C}.Release|ARM.ActiveCfg = Release|Any CPU
		{CF896863-755F-43E1-B497-F8497B6BC47C}.Release|ARM.Build.0 = Release|Any CPU
		{CF896863-755F-43E1-B497-F8497B6BC47C}.Release|iPhone.ActiveCfg = Release|Any CPU
		{CF896863-755F-43E1-B497-F8497B6BC47C}.Release|iPhone.Build.0 = Release|Any CPU
		{CF896863-755F-43E1-B497-F8497B6BC47C}.Release|iPhoneSimulator.ActiveCfg = Release|Any CPU
		{CF896863-755F-43E1-B497-F8497B6BC47C}.Release|iPhoneSimulator.Build.0 = Release|Any CPU
		{CF896863-755F-43E1-B497-F8497B6BC47C}.Release|x64.ActiveCfg = Release|Any CPU
		{CF896863-755F-43E1-B497-F8497B6BC47C}.Release|x64.Build.0 = Release|Any CPU
		{CF896863-755F-43E1-B497-F8497B6BC47C}.Release|x86.ActiveCfg = Release|Any CPU
		{CF896863-755F-43E1-B497-F8497B6BC47C}.Release|x86.Build.0 = Release|Any CPU
	EndGlobalSection
	GlobalSection(SolutionProperties) = preSolution
		HideSolutionNode = FALSE
	EndGlobalSection
	GlobalSection(ExtensibilityGlobals) = postSolution
		SolutionGuid = {01C27382-7C34-49E9-BDC0-A024CEE12F61}
	EndGlobalSection
EndGlobal
